
Microsoft Visual Studio Solution File, Format Version 12.00
# Visual Studio 15
VisualStudioVersion = 15.0.28307.329
MinimumVisualStudioVersion = 10.0.40219.1
Project("{FAE04EC0-301F-11D3-BF4B-00C04F79EFBC}") = "ReactivePropertySample", "ReactivePropertySample\ReactivePropertySample.csproj", "{CBC40A74-47E7-4DAE-A992-BDE4A786B42A}"
EndProject
Global
	GlobalSection(SolutionConfigurationPlatforms) = preSolution
		Debug|Any CPU = Debug|Any CPU
		Release|Any CPU = Release|Any CPU
	EndGlobalSection
	GlobalSection(ProjectConfigurationPlatforms) = postSolution
		{CBC40A74-47E7-4DAE-A992-BDE4A786B42A}.Debug|Any CPU.ActiveCfg = Debug|Any CPU
		{CBC40A74-47E7-4DAE-A992-BDE4A786B42A}.Debug|Any CPU.Build.0 = Debug|Any CPU
		{CBC40A74-47E7-4DAE-A992-BDE4A786B42A}.Release|Any CPU.ActiveCfg = Release|Any CPU
		{CBC40A74-47E7-4DAE-A992-BDE4A786B42A}.Release|Any CPU.Build.0 = Release|Any CPU
	EndGlobalSection
	GlobalSection(SolutionProperties) = preSolution
		HideSolutionNode = FALSE
	EndGlobalSection
	GlobalSection(ExtensibilityGlobals) = postSolution
		SolutionGuid = {6849F406-34BC-42BF-952D-47BB2F365F9D}
	EndGlobalSection
EndGlobal
